
Microsoft Visual Studio Solution File, Format Version 12.00
# Visual Studio 15
VisualStudioVersion = 15.0.28307.329
MinimumVisualStudioVersion = 10.0.40219.1
Project("{888888A0-9F3D-457C-B088-3A5042F75D52}") = "PythonPractice", "PythonPractice\PythonPractice.pyproj", "{BED3AC5D-DDE5-4374-9B04-90CECB577A07}"
EndProject
Global
	GlobalSection(SolutionConfigurationPlatforms) = preSolution
		Debug|Any CPU = Debug|Any CPU
		Release|Any CPU = Release|Any CPU
	EndGlobalSection
	GlobalSection(ProjectConfigurationPlatforms) = postSolution
		{BED3AC5D-DDE5-4374-9B04-90CECB577A07}.Debug|Any CPU.ActiveCfg = Debug|Any CPU
		{BED3AC5D-DDE5-4374-9B04-90CECB577A07}.Release|Any CPU.ActiveCfg = Release|Any CPU
	EndGlobalSection
	GlobalSection(SolutionProperties) = preSolution
		HideSolutionNode = FALSE
	EndGlobalSection
	GlobalSection(ExtensibilityGlobals) = postSolution
		SolutionGuid = {16B43343-4B08-423E-8B29-1ABE43C03F0C}
	EndGlobalSection
EndGlobal
